<?xml version="1.0" encoding="utf-8"?>
<Project ToolsVersion="4.0" xmlns="http://schemas.microsoft.com/developer/msbuild/2003">
  <ItemGroup>
    <ClCompile Include="dll_main.cpp" />
    <ClCompile Include="interfaces\interfaces.cpp" />
    <ClCompile Include="hooks\hooks.cpp" />
    <ClCompile Include="utilities\globals.cpp" />
    <ClCompile Include="utilities\render_manager.cpp" />
    <ClCompile Include="utilities\utilities.cpp" />
    <ClCompile Include="menu\menu.cpp" />
    <ClCompile Include="menu\settings.cpp" />
    <ClCompile Include="utilities\netvar_manager.cpp" />
    <ClCompile Include="features\visuals\visuals.cpp" />
    <ClCompile Include="features\features.cpp" />
    <ClCompile Include="features\misc\misc.cpp" />
    <ClCompile Include="menu\configs\configs.cpp" />
    <ClCompile Include="features\engine_prediction\engine_prediction.cpp" />
    <ClCompile Include="utilities\math.cpp" />
    <ClCompile Include="features\legit\legit_lag_comp.cpp" />
    <ClCompile Include="sdk\entities.cpp" />
    <ClCompile Include="features\rage\ragebot.cpp" />
    <ClCompile Include="features\legit\legit_aimbot.cpp" />
    <ClCompile Include="utilities\imgui\imgui.cpp" />
    <ClCompile Include="utilities\imgui\imgui_demo.cpp" />
    <ClCompile Include="utilities\imgui\imgui_draw.cpp" />
    <ClCompile Include="utilities\imgui\imgui_impl_dx9.cpp" />
    <ClCompile Include="utilities\imgui\imgui_impl_win32.cpp" />
    <ClCompile Include="utilities\imgui\imgui_widgets.cpp" />
    <ClCompile Include="features\legit\legit_antiaim.cpp" />
    <ClCompile Include="features\legit\triggerbot.cpp" />
    <ClCompile Include="features\skins\skinchanger.cpp" />
    <ClCompile Include="hooks\minhook\buffer.c" />
    <ClCompile Include="hooks\minhook\hook.c" />
    <ClCompile Include="hooks\minhook\trampoline.c" />
    <ClCompile Include="hooks\minhook\hde\hde32.c" />
    <ClCompile Include="hooks\minhook\hde\hde64.c" />
    <ClCompile Include="features\rage\autowall.cpp" />
  </ItemGroup>
  <ItemGroup>
    <ClInclude Include="utilities\utilities.h" />
    <ClInclude Include="sdk\i_surface.h" />
    <ClInclude Include="utilities\vector.h" />
    <ClInclude Include="sdk\structs.h" />
    <ClInclude Include="sdk\iv_engine_client.h" />
    <ClInclude Include="sdk\sdk.h" />
    <ClInclude Include="interfaces\interfaces.h" />
    <ClInclude Include="utilities\vmatrix.h" />
    <ClInclude Include="hooks\hooks.h" />
    <ClInclude Include="sdk\i_client_mode.h" />
    <ClInclude Include="sdk\i_client_entity.h" />
    <ClInclude Include="sdk\c_input.h" />
    <ClInclude Include="utilities\globals.h" />
    <ClInclude Include="sdk\i_panel.h" />
    <ClInclude Include="utilities\render_manager.h" />
    <ClInclude Include="sdk\c_global_vars.h" />
    <ClInclude Include="sdk\i_app_system.h" />
    <ClInclude Include="menu\menu.h" />
    <ClInclude Include="sdk\i_input_system.h" />
    <ClInclude Include="menu\settings.h" />
    <ClInclude Include="sdk\recv.h" />
    <ClInclude Include="sdk\client_class.h" />
    <ClInclude Include="utilities\netvar_manager.h" />
    <ClInclude Include="utilities\fnv.h" />
    <ClInclude Include="sdk\entities.h" />
    <ClInclude Include="sdk\i_client_entity_list.h" />
    <ClInclude Include="sdk\i_base_handle.h" />
    <ClInclude Include="features\visuals\visuals.h" />
    <ClInclude Include="utilities\math.h" />
    <ClInclude Include="sdk\materials.h" />
    <ClInclude Include="sdk\i_material_system.h" />
    <ClInclude Include="sdk\iv_model_render.h" />
    <ClInclude Include="features\misc\misc.h" />
    <ClInclude Include="menu\configs\configs.h" />
    <ClInclude Include="sdk\crc_checksum.h" />
    <ClInclude Include="sdk\c_prediction.h" />
    <ClInclude Include="features\engine_prediction\engine_prediction.h" />
    <ClInclude Include="features\legit\legit_lag_comp.h" />
    <ClInclude Include="sdk\studio.h" />
    <ClInclude Include="sdk\i_engine_trace.h" />
    <ClInclude Include="sdk\bsp_flags.h" />
    <ClInclude Include="sdk\collideable.h" />
    <ClInclude Include="features\misc\sfx\hitsounds.h" />
    <ClInclude Include="sdk\convar.h" />
    <ClInclude Include="sdk\weapon_definitions.h" />
    <ClInclude Include="features\rage\ragebot.h" />
    <ClInclude Include="sdk\i_physics.h" />
    <ClInclude Include="utilities\Vinnitsya.h" />
    <ClInclude Include="features\legit\legit_aimbot.h" />
    <ClInclude Include="sdk\i_game_event.h" />
    <ClInclude Include="utilities\NotoSans.h" />
    <ClInclude Include="utilities\imgui\imconfig.h" />
    <ClInclude Include="utilities\imgui\imgui.h" />
    <ClInclude Include="utilities\imgui\imgui_impl_dx9.h" />
    <ClInclude Include="utilities\imgui\imgui_impl_win32.h" />
    <ClInclude Include="utilities\imgui\imgui_internal.h" />
    <ClInclude Include="utilities\imgui\imstb_rectpack.h" />
    <ClInclude Include="utilities\imgui\imstb_textedit.h" />
    <ClInclude Include="utilities\imgui\imstb_truetype.h" />
    <ClInclude Include="features\legit\legit_antiaim.h" />
    <ClInclude Include="features\legit\triggerbot.h" />
    <ClInclude Include="features\skins\skinchanger.h" />
    <ClInclude Include="sdk\i_localize.h" />
    <ClInclude Include="utilities\imgui\ComboFilter.h" />
    <ClInclude Include="sdk\iv_model_info.h" />
    <ClInclude Include="sdk\c_client_state.h" />
    <ClInclude Include="utilities\fnv_hash.hpp" />
    <ClInclude Include="utilities\recv_proxy_hook.h" />
    <ClInclude Include="utilities\json\nlohmann\detail\conversions\from_json.hpp" />
    <ClInclude Include="utilities\json\nlohmann\detail\conversions\to_chars.hpp" />
    <ClInclude Include="utilities\json\nlohmann\detail\conversions\to_json.hpp" />
    <ClInclude Include="utilities\json\nlohmann\detail\input\binary_reader.hpp" />
    <ClInclude Include="utilities\json\nlohmann\detail\input\input_adapters.hpp" />
    <ClInclude Include="utilities\json\nlohmann\detail\input\lexer.hpp" />
    <ClInclude Include="utilities\json\nlohmann\detail\input\parser.hpp" />
    <ClInclude Include="utilities\json\nlohmann\detail\iterators\internal_iterator.hpp" />
    <ClInclude Include="utilities\json\nlohmann\detail\iterators\iter_impl.hpp" />
    <ClInclude Include="utilities\json\nlohmann\detail\iterators\iteration_proxy.hpp" />
    <ClInclude Include="utilities\json\nlohmann\detail\iterators\json_reverse_iterator.hpp" />
    <ClInclude Include="utilities\json\nlohmann\detail\iterators\primitive_iterator.hpp" />
    <ClInclude Include="utilities\json\nlohmann\detail\output\binary_writer.hpp" />
    <ClInclude Include="utilities\json\nlohmann\detail\output\output_adapters.hpp" />
    <ClInclude Include="utilities\json\nlohmann\detail\output\serializer.hpp" />
    <ClInclude Include="utilities\json\nlohmann\detail\exceptions.hpp" />
    <ClInclude Include="utilities\json\nlohmann\detail\json_pointer.hpp" />
    <ClInclude Include="utilities\json\nlohmann\detail\json_ref.hpp" />
    <ClInclude Include="utilities\json\nlohmann\detail\macro_scope.hpp" />
    <ClInclude Include="utilities\json\nlohmann\detail\macro_unscope.hpp" />
    <ClInclude Include="utilities\json\nlohmann\detail\meta.hpp" />
    <ClInclude Include="utilities\json\nlohmann\detail\value_t.hpp" />
    <ClInclude Include="utilities\json\nlohmann\adl_serializer.hpp" />
    <ClInclude Include="utilities\json\nlohmann\json.hpp" />
    <ClInclude Include="utilities\json\nlohmann\json_fwd.hpp" />
    <ClInclude Include="hooks\minhook\buffer.h" />
    <ClInclude Include="hooks\minhook\trampoline.h" />
    <ClInclude Include="hooks\minhook\hde\hde32.h" />
    <ClInclude Include="hooks\minhook\hde\hde64.h" />
    <ClInclude Include="hooks\minhook\hde\pstdint.h" />
    <ClInclude Include="hooks\minhook\hde\table32.h" />
    <ClInclude Include="hooks\minhook\hde\table64.h" />
    <ClInclude Include="hooks\minhook\MinHook.h" />
    <ClInclude Include="sdk\i_net_message.h" />
    <ClInclude Include="features\rage\autowall.h" />
    <ClInclude Include="sdk\key_values.h" />
  </ItemGroup>
</Project>